// !$*UTF8*$!
{
	archiveVersion = 1;
	classes = {
	};
	objectVersion = 51;
	objects = {

/* Begin PBXBuildFile section */
		25D6C74B24F51512007F0EAB /* LoginViewController.swift in Sources */ = {isa = PBXBuildFile; fileRef = 25D6C74A24F51512007F0EAB /* LoginViewController.swift */; };
		25D6C74D24F51BE7007F0EAB /* Wireframe.swift in Sources */ = {isa = PBXBuildFile; fileRef = 25D6C74C24F51BE7007F0EAB /* Wireframe.swift */; };
		25D6C74F24F51DF2007F0EAB /* ActivityIndicator.swift in Sources */ = {isa = PBXBuildFile; fileRef = 25D6C74E24F51DF2007F0EAB /* ActivityIndicator.swift */; };
		25D6C75124F5E97F007F0EAB /* DefaultImplementations.swift in Sources */ = {isa = PBXBuildFile; fileRef = 25D6C75024F5E97F007F0EAB /* DefaultImplementations.swift */; };
		25FA9135246EC18C00647945 /* AppDelegate.swift in Sources */ = {isa = PBXBuildFile; fileRef = 25FA9134246EC18C00647945 /* AppDelegate.swift */; };
		25FA913C246EC18C00647945 /* Main.storyboard in Resources */ = {isa = PBXBuildFile; fileRef = 25FA913A246EC18C00647945 /* Main.storyboard */; };
		25FA913E246EC19200647945 /* Assets.xcassets in Resources */ = {isa = PBXBuildFile; fileRef = 25FA913D246EC19200647945 /* Assets.xcassets */; };
		25FA9141246EC19200647945 /* LaunchScreen.storyboard in Resources */ = {isa = PBXBuildFile; fileRef = 25FA913F246EC19200647945 /* LaunchScreen.storyboard */; };
		25FA914C246EC19300647945 /* RxDemoTests.swift in Sources */ = {isa = PBXBuildFile; fileRef = 25FA914B246EC19300647945 /* RxDemoTests.swift */; };
		25FA9157246EC19300647945 /* RxDemoUITests.swift in Sources */ = {isa = PBXBuildFile; fileRef = 25FA9156246EC19300647945 /* RxDemoUITests.swift */; };
		25FA9167246EC3FB00647945 /* ViewModel.swift in Sources */ = {isa = PBXBuildFile; fileRef = 25FA9166246EC3FB00647945 /* ViewModel.swift */; };
		25FA9169246EC42E00647945 /* Model.swift in Sources */ = {isa = PBXBuildFile; fileRef = 25FA9168246EC42E00647945 /* Model.swift */; };
		25FA916B246EC4BE00647945 /* ViewController.swift in Sources */ = {isa = PBXBuildFile; fileRef = 25FA916A246EC4BE00647945 /* ViewController.swift */; };
		25FA916D246ECD0100647945 /* ViewController1.swift in Sources */ = {isa = PBXBuildFile; fileRef = 25FA916C246ECD0100647945 /* ViewController1.swift */; };
		2C9B0153AE8131B647E37A0D /* Pods_RxDemo.framework in Frameworks */ = {isa = PBXBuildFile; fileRef = 65AC5EC268E4B9CBD0E73E33 /* Pods_RxDemo.framework */; };
/* End PBXBuildFile section */

/* Begin PBXContainerItemProxy section */
		25FA9148246EC19300647945 /* PBXContainerItemProxy */ = {
			isa = PBXContainerItemProxy;
			containerPortal = 25FA9129246EC18C00647945 /* Project object */;
			proxyType = 1;
			remoteGlobalIDString = 25FA9130246EC18C00647945;
			remoteInfo = RxDemo;
		};
		25FA9153246EC19300647945 /* PBXContainerItemProxy */ = {
			isa = PBXContainerItemProxy;
			containerPortal = 25FA9129246EC18C00647945 /* Project object */;
			proxyType = 1;
			remoteGlobalIDString = 25FA9130246EC18C00647945;
			remoteInfo = RxDemo;
		};
/* End PBXContainerItemProxy section */

/* Begin PBXFileReference section */
		0E4575F7FC7274B1D2ABAEB1 /* Pods-RxDemo.release.xcconfig */ = {isa = PBXFileReference; includeInIndex = 1; lastKnownFileType = text.xcconfig; name = "Pods-RxDemo.release.xcconfig"; path = "Target Support Files/Pods-RxDemo/Pods-RxDemo.release.xcconfig"; sourceTree = "<group>"; };
		25D6C74A24F51512007F0EAB /* LoginViewController.swift */ = {isa = PBXFileReference; lastKnownFileType = sourcecode.swift; path = LoginViewController.swift; sourceTree = "<group>"; };
		25D6C74C24F51BE7007F0EAB /* Wireframe.swift */ = {isa = PBXFileReference; lastKnownFileType = sourcecode.swift; path = Wireframe.swift; sourceTree = "<group>"; };
		25D6C74E24F51DF2007F0EAB /* ActivityIndicator.swift */ = {isa = PBXFileReference; lastKnownFileType = sourcecode.swift; path = ActivityIndicator.swift; sourceTree = "<group>"; };
		25D6C75024F5E97F007F0EAB /* DefaultImplementations.swift */ = {isa = PBXFileReference; lastKnownFileType = sourcecode.swift; path = DefaultImplementations.swift; sourceTree = "<group>"; };
		25FA9131246EC18C00647945 /* RxDemo.app */ = {isa = PBXFileReference; explicitFileType = wrapper.application; includeInIndex = 0; path = RxDemo.app; sourceTree = BUILT_PRODUCTS_DIR; };
		25FA9134246EC18C00647945 /* AppDelegate.swift */ = {isa = PBXFileReference; lastKnownFileType = sourcecode.swift; path = AppDelegate.swift; sourceTree = "<group>"; };
		25FA913B246EC18C00647945 /* Base */ = {isa = PBXFileReference; lastKnownFileType = file.storyboard; name = Base; path = Base.lproj/Main.storyboard; sourceTree = "<group>"; };
		25FA913D246EC19200647945 /* Assets.xcassets */ = {isa = PBXFileReference; lastKnownFileType = folder.assetcatalog; path = Assets.xcassets; sourceTree = "<group>"; };
		25FA9140246EC19200647945 /* Base */ = {isa = PBXFileReference; lastKnownFileType = file.storyboard; name = Base; path = Base.lproj/LaunchScreen.storyboard; sourceTree = "<group>"; };
		25FA9142246EC19200647945 /* Info.plist */ = {isa = PBXFileReference; lastKnownFileType = text.plist.xml; path = Info.plist; sourceTree = "<group>"; };
		25FA9147246EC19300647945 /* RxDemoTests.xctest */ = {isa = PBXFileReference; explicitFileType = wrapper.cfbundle; includeInIndex = 0; path = RxDemoTests.xctest; sourceTree = BUILT_PRODUCTS_DIR; };
		25FA914B246EC19300647945 /* RxDemoTests.swift */ = {isa = PBXFileReference; lastKnownFileType = sourcecode.swift; path = RxDemoTests.swift; sourceTree = "<group>"; };
		25FA914D246EC19300647945 /* Info.plist */ = {isa = PBXFileReference; lastKnownFileType = text.plist.xml; path = Info.plist; sourceTree = "<group>"; };
		25FA9152246EC19300647945 /* RxDemoUITests.xctest */ = {isa = PBXFileReference; explicitFileType = wrapper.cfbundle; includeInIndex = 0; path = RxDemoUITests.xctest; sourceTree = BUILT_PRODUCTS_DIR; };
		25FA9156246EC19300647945 /* RxDemoUITests.swift */ = {isa = PBXFileReference; lastKnownFileType = sourcecode.swift; path = RxDemoUITests.swift; sourceTree = "<group>"; };
		25FA9158246EC19300647945 /* Info.plist */ = {isa = PBXFileReference; lastKnownFileType = text.plist.xml; path = Info.plist; sourceTree = "<group>"; };
		25FA9166246EC3FB00647945 /* ViewModel.swift */ = {isa = PBXFileReference; lastKnownFileType = sourcecode.swift; path = ViewModel.swift; sourceTree = "<group>"; };
		25FA9168246EC42E00647945 /* Model.swift */ = {isa = PBXFileReference; lastKnownFileType = sourcecode.swift; path = Model.swift; sourceTree = "<group>"; };
		25FA916A246EC4BE00647945 /* ViewController.swift */ = {isa = PBXFileReference; lastKnownFileType = sourcecode.swift; path = ViewController.swift; sourceTree = "<group>"; };
		25FA916C246ECD0100647945 /* ViewController1.swift */ = {isa = PBXFileReference; lastKnownFileType = sourcecode.swift; path = ViewController1.swift; sourceTree = "<group>"; };
		65AC5EC268E4B9CBD0E73E33 /* Pods_RxDemo.framework */ = {isa = PBXFileReference; explicitFileType = wrapper.framework; includeInIndex = 0; path = Pods_RxDemo.framework; sourceTree = BUILT_PRODUCTS_DIR; };
		BCDFB45AA19FD50C51622F80 /* Pods-RxDemo.debug.xcconfig */ = {isa = PBXFileReference; includeInIndex = 1; lastKnownFileType = text.xcconfig; name = "Pods-RxDemo.debug.xcconfig"; path = "Target Support Files/Pods-RxDemo/Pods-RxDemo.debug.xcconfig"; sourceTree = "<group>"; };
/* End PBXFileReference section */

/* Begin PBXFrameworksBuildPhase section */
		25FA912E246EC18C00647945 /* Frameworks */ = {
			isa = PBXFrameworksBuildPhase;
			buildActionMask = 2147483647;
			files = (
				2C9B0153AE8131B647E37A0D /* Pods_RxDemo.framework in Frameworks */,
			);
			runOnlyForDeploymentPostprocessing = 0;
		};
		25FA9144246EC19300647945 /* Frameworks */ = {
			isa = PBXFrameworksBuildPhase;
			buildActionMask = 2147483647;
			files = (
			);
			runOnlyForDeploymentPostprocessing = 0;
		};
		25FA914F246EC19300647945 /* Frameworks */ = {
			isa = PBXFrameworksBuildPhase;
			buildActionMask = 2147483647;
			files = (
			);
			runOnlyForDeploymentPostprocessing = 0;
		};
/* End PBXFrameworksBuildPhase section */

/* Begin PBXGroup section */
		25FA9128246EC18C00647945 = {
			isa = PBXGroup;
			children = (
				25FA9133246EC18C00647945 /* RxDemo */,
				25FA914A246EC19300647945 /* RxDemoTests */,
				25FA9155246EC19300647945 /* RxDemoUITests */,
				25FA9132246EC18C00647945 /* Products */,
				C95C6573B7961952CC670DC2 /* Pods */,
				F05ABE9DCB85026076A7B375 /* Frameworks */,
			);
			sourceTree = "<group>";
		};
		25FA9132246EC18C00647945 /* Products */ = {
			isa = PBXGroup;
			children = (
				25FA9131246EC18C00647945 /* RxDemo.app */,
				25FA9147246EC19300647945 /* RxDemoTests.xctest */,
				25FA9152246EC19300647945 /* RxDemoUITests.xctest */,
			);
			name = Products;
			sourceTree = "<group>";
		};
		25FA9133246EC18C00647945 /* RxDemo */ = {
			isa = PBXGroup;
			children = (
				25FA9134246EC18C00647945 /* AppDelegate.swift */,
				25FA913A246EC18C00647945 /* Main.storyboard */,
				25FA913D246EC19200647945 /* Assets.xcassets */,
				25FA913F246EC19200647945 /* LaunchScreen.storyboard */,
				25FA9142246EC19200647945 /* Info.plist */,
				25FA9168246EC42E00647945 /* Model.swift */,
				25FA9166246EC3FB00647945 /* ViewModel.swift */,
				25FA916A246EC4BE00647945 /* ViewController.swift */,
				25FA916C246ECD0100647945 /* ViewController1.swift */,
				25D6C74A24F51512007F0EAB /* LoginViewController.swift */,
				25D6C74C24F51BE7007F0EAB /* Wireframe.swift */,
				25D6C74E24F51DF2007F0EAB /* ActivityIndicator.swift */,
				25D6C75024F5E97F007F0EAB /* DefaultImplementations.swift */,
			);
			path = RxDemo;
			sourceTree = "<group>";
		};
		25FA914A246EC19300647945 /* RxDemoTests */ = {
			isa = PBXGroup;
			children = (
				25FA914B246EC19300647945 /* RxDemoTests.swift */,
				25FA914D246EC19300647945 /* Info.plist */,
			);
			path = RxDemoTests;
			sourceTree = "<group>";
		};
		25FA9155246EC19300647945 /* RxDemoUITests */ = {
			isa = PBXGroup;
			children = (
				25FA9156246EC19300647945 /* RxDemoUITests.swift */,
				25FA9158246EC19300647945 /* Info.plist */,
			);
			path = RxDemoUITests;
			sourceTree = "<group>";
		};
		C95C6573B7961952CC670DC2 /* Pods */ = {
			isa = PBXGroup;
			children = (
				BCDFB45AA19FD50C51622F80 /* Pods-RxDemo.debug.xcconfig */,
				0E4575F7FC7274B1D2ABAEB1 /* Pods-RxDemo.release.xcconfig */,
			);
			path = Pods;
			sourceTree = "<group>";
		};
		F05ABE9DCB85026076A7B375 /* Frameworks */ = {
			isa = PBXGroup;
			children = (
				65AC5EC268E4B9CBD0E73E33 /* Pods_RxDemo.framework */,
			);
			name = Frameworks;
			sourceTree = "<group>";
		};
/* End PBXGroup section */

/* Begin PBXNativeTarget section */
		25FA9130246EC18C00647945 /* RxDemo */ = {
			isa = PBXNativeTarget;
			buildConfigurationList = 25FA915B246EC19300647945 /* Build configuration list for PBXNativeTarget "RxDemo" */;
			buildPhases = (
				64733FF72AC2CAB168C60054 /* [CP] Check Pods Manifest.lock */,
				25FA912D246EC18C00647945 /* Sources */,
				25FA912E246EC18C00647945 /* Frameworks */,
				25FA912F246EC18C00647945 /* Resources */,
				191877F9E54A49ABD8F09241 /* [CP] Embed Pods Frameworks */,
			);
			buildRules = (
			);
			dependencies = (
			);
			name = RxDemo;
			productName = RxDemo;
			productReference = 25FA9131246EC18C00647945 /* RxDemo.app */;
			productType = "com.apple.product-type.application";
		};
		25FA9146246EC19300647945 /* RxDemoTests */ = {
			isa = PBXNativeTarget;
			buildConfigurationList = 25FA915E246EC19300647945 /* Build configuration list for PBXNativeTarget "RxDemoTests" */;
			buildPhases = (
				25FA9143246EC19300647945 /* Sources */,
				25FA9144246EC19300647945 /* Frameworks */,
				25FA9145246EC19300647945 /* Resources */,
			);
			buildRules = (
			);
			dependencies = (
				25FA9149246EC19300647945 /* PBXTargetDependency */,
			);
			name = RxDemoTests;
			productName = RxDemoTests;
			productReference = 25FA9147246EC19300647945 /* RxDemoTests.xctest */;
			productType = "com.apple.product-type.bundle.unit-test";
		};
		25FA9151246EC19300647945 /* RxDemoUITests */ = {
			isa = PBXNativeTarget;
			buildConfigurationList = 25FA9161246EC19300647945 /* Build configuration list for PBXNativeTarget "RxDemoUITests" */;
			buildPhases = (
				25FA914E246EC19300647945 /* Sources */,
				25FA914F246EC19300647945 /* Frameworks */,
				25FA9150246EC19300647945 /* Resources */,
			);
			buildRules = (
			);
			dependencies = (
				25FA9154246EC19300647945 /* PBXTargetDependency */,
			);
			name = RxDemoUITests;
			productName = RxDemoUITests;
			productReference = 25FA9152246EC19300647945 /* RxDemoUITests.xctest */;
			productType = "com.apple.product-type.bundle.ui-testing";
		};
/* End PBXNativeTarget section */

/* Begin PBXProject section */
		25FA9129246EC18C00647945 /* Project object */ = {
			isa = PBXProject;
			attributes = {
				LastSwiftUpdateCheck = 1140;
				LastUpgradeCheck = 1140;
				ORGANIZATIONNAME = luowailin;
				TargetAttributes = {
					25FA9130246EC18C00647945 = {
						CreatedOnToolsVersion = 11.4;
					};
					25FA9146246EC19300647945 = {
						CreatedOnToolsVersion = 11.4;
						TestTargetID = 25FA9130246EC18C00647945;
					};
					25FA9151246EC19300647945 = {
						CreatedOnToolsVersion = 11.4;
						TestTargetID = 25FA9130246EC18C00647945;
					};
				};
			};
			buildConfigurationList = 25FA912C246EC18C00647945 /* Build configuration list for PBXProject "RxDemo" */;
			compatibilityVersion = "Xcode 9.3";
			developmentRegion = en;
			hasScannedForEncodings = 0;
			knownRegions = (
				en,
				Base,
			);
			mainGroup = 25FA9128246EC18C00647945;
			productRefGroup = 25FA9132246EC18C00647945 /* Products */;
			projectDirPath = "";
			projectRoot = "";
			targets = (
				25FA9130246EC18C00647945 /* RxDemo */,
				25FA9146246EC19300647945 /* RxDemoTests */,
				25FA9151246EC19300647945 /* RxDemoUITests */,
			);
		};
/* End PBXProject section */

/* Begin PBXResourcesBuildPhase section */
		25FA912F246EC18C00647945 /* Resources */ = {
			isa = PBXResourcesBuildPhase;
			buildActionMask = 2147483647;
			files = (
				25FA9141246EC19200647945 /* LaunchScreen.storyboard in Resources */,
				25FA913E246EC19200647945 /* Assets.xcassets in Resources */,
				25FA913C246EC18C00647945 /* Main.storyboard in Resources */,
			);
			runOnlyForDeploymentPostprocessing = 0;
		};
		25FA9145246EC19300647945 /* Resources */ = {
			isa = PBXResourcesBuildPhase;
			buildActionMask = 2147483647;
			files = (
			);
			runOnlyForDeploymentPostprocessing = 0;
		};
		25FA9150246EC19300647945 /* Resources */ = {
			isa = PBXResourcesBuildPhase;
			buildActionMask = 2147483647;
			files = (
			);
			runOnlyForDeploymentPostprocessing = 0;
		};
/* End PBXResourcesBuildPhase section */

/* Begin PBXShellScriptBuildPhase section */
		191877F9E54A49ABD8F09241 /* [CP] Embed Pods Frameworks */ = {
			isa = PBXShellScriptBuildPhase;
			buildActionMask = 2147483647;
			files = (
			);
			inputFileListPaths = (
				"${PODS_ROOT}/Target Support Files/Pods-RxDemo/Pods-RxDemo-frameworks-${CONFIGURATION}-input-files.xcfilelist",
			);
			name = "[CP] Embed Pods Frameworks";
			outputFileListPaths = (
				"${PODS_ROOT}/Target Support Files/Pods-RxDemo/Pods-RxDemo-frameworks-${CONFIGURATION}-output-files.xcfilelist",
			);
			runOnlyForDeploymentPostprocessing = 0;
			shellPath = /bin/sh;
			shellScript = "\"${PODS_ROOT}/Target Support Files/Pods-RxDemo/Pods-RxDemo-frameworks.sh\"\n";
			showEnvVarsInLog = 0;
		};
		64733FF72AC2CAB168C60054 /* [CP] Check Pods Manifest.lock */ = {
			isa = PBXShellScriptBuildPhase;
			buildActionMask = 2147483647;
			files = (
			);
			inputFileListPaths = (
			);
			inputPaths = (
				"${PODS_PODFILE_DIR_PATH}/Podfile.lock",
				"${PODS_ROOT}/Manifest.lock",
			);
			name = "[CP] Check Pods Manifest.lock";
			outputFileListPaths = (
			);
			outputPaths = (
				"$(DERIVED_FILE_DIR)/Pods-RxDemo-checkManifestLockResult.txt",
			);
			runOnlyForDeploymentPostprocessing = 0;
			shellPath = /bin/sh;
			shellScript = "diff \"${PODS_PODFILE_DIR_PATH}/Podfile.lock\" \"${PODS_ROOT}/Manifest.lock\" > /dev/null\nif [ $? != 0 ] ; then\n    # print error to STDERR\n    echo \"error: The sandbox is not in sync with the Podfile.lock. Run 'pod install' or update your CocoaPods installation.\" >&2\n    exit 1\nfi\n# This output is used by Xcode 'outputs' to avoid re-running this script phase.\necho \"SUCCESS\" > \"${SCRIPT_OUTPUT_FILE_0}\"\n";
			showEnvVarsInLog = 0;
		};
/* End PBXShellScriptBuildPhase section */

/* Begin PBXSourcesBuildPhase section */
		25FA912D246EC18C00647945 /* Sources */ = {
			isa = PBXSourcesBuildPhase;
			buildActionMask = 2147483647;
			files = (
				25D6C74B24F51512007F0EAB /* LoginViewController.swift in Sources */,
				25D6C74D24F51BE7007F0EAB /* Wireframe.swift in Sources */,
				25FA9135246EC18C00647945 /* AppDelegate.swift in Sources */,
				25FA916D246ECD0100647945 /* ViewController1.swift in Sources */,
				25D6C74F24F51DF2007F0EAB /* ActivityIndicator.swift in Sources */,
				25FA9167246EC3FB00647945 /* ViewModel.swift in Sources */,
				25D6C75124F5E97F007F0EAB /* DefaultImplementations.swift in Sources */,
				25FA916B246EC4BE00647945 /* ViewController.swift in Sources */,
				25FA9169246EC42E00647945 /* Model.swift in Sources */,
			);
			runOnlyForDeploymentPostprocessing = 0;
		};
		25FA9143246EC19300647945 /* Sources */ = {
			isa = PBXSourcesBuildPhase;
			buildActionMask = 2147483647;
			files = (
				25FA914C246EC19300647945 /* RxDemoTests.swift in Sources */,
			);
			runOnlyForDeploymentPostprocessing = 0;
		};
		25FA914E246EC19300647945 /* Sources */ = {
			isa = PBXSourcesBuildPhase;
			buildActionMask = 2147483647;
			files = (
				25FA9157246EC19300647945 /* RxDemoUITests.swift in Sources */,
			);
			runOnlyForDeploymentPostprocessing = 0;
		};
/* End PBXSourcesBuildPhase section */

/* Begin PBXTargetDependency section */
		25FA9149246EC19300647945 /* PBXTargetDependency */ = {
			isa = PBXTargetDependency;
			target = 25FA9130246EC18C00647945 /* RxDemo */;
			targetProxy = 25FA9148246EC19300647945 /* PBXContainerItemProxy */;
		};
		25FA9154246EC19300647945 /* PBXTargetDependency */ = {
			isa = PBXTargetDependency;
			target = 25FA9130246EC18C00647945 /* RxDemo */;
			targetProxy = 25FA9153246EC19300647945 /* PBXContainerItemProxy */;
		};
/* End PBXTargetDependency section */

/* Begin PBXVariantGroup section */
		25FA913A246EC18C00647945 /* Main.storyboard */ = {
			isa = PBXVariantGroup;
			children = (
				25FA913B246EC18C00647945 /* Base */,
			);
			name = Main.storyboard;
			sourceTree = "<group>";
		};
		25FA913F246EC19200647945 /* LaunchScreen.storyboard */ = {
			isa = PBXVariantGroup;
			children = (
				25FA9140246EC19200647945 /* Base */,
			);
			name = LaunchScreen.storyboard;
			sourceTree = "<group>";
		};
/* End PBXVariantGroup section */

/* Begin XCBuildConfiguration section */
		25FA9159246EC19300647945 /* Debug */ = {
			isa = XCBuildConfiguration;
			buildSettings = {
				ALWAYS_SEARCH_USER_PATHS = NO;
				CLANG_ANALYZER_NONNULL = YES;
				CLANG_ANALYZER_NUMBER_OBJECT_CONVERSION = YES_AGGRESSIVE;
				CLANG_CXX_LANGUAGE_STANDARD = "gnu++14";
				CLANG_CXX_LIBRARY = "libc++";
				CLANG_ENABLE_MODULES = YES;
				CLANG_ENABLE_OBJC_ARC = YES;
				CLANG_ENABLE_OBJC_WEAK = YES;
				CLANG_WARN_BLOCK_CAPTURE_AUTORELEASING = YES;
				CLANG_WARN_BOOL_CONVERSION = YES;
				CLANG_WARN_COMMA = YES;
				CLANG_WARN_CONSTANT_CONVERSION = YES;
				CLANG_WARN_DEPRECATED_OBJC_IMPLEMENTATIONS = YES;
				CLANG_WARN_DIRECT_OBJC_ISA_USAGE = YES_ERROR;
				CLANG_WARN_DOCUMENTATION_COMMENTS = YES;
				CLANG_WARN_EMPTY_BODY = YES;
				CLANG_WARN_ENUM_CONVERSION = YES;
				CLANG_WARN_INFINITE_RECURSION = YES;
				CLANG_WARN_INT_CONVERSION = YES;
				CLANG_WARN_NON_LITERAL_NULL_CONVERSION = YES;
				CLANG_WARN_OBJC_IMPLICIT_RETAIN_SELF = YES;
				CLANG_WARN_OBJC_LITERAL_CONVERSION = YES;
				CLANG_WARN_OBJC_ROOT_CLASS = YES_ERROR;
				CLANG_WARN_RANGE_LOOP_ANALYSIS = YES;
				CLANG_WARN_STRICT_PROTOTYPES = YES;
				CLANG_WARN_SUSPICIOUS_MOVE = YES;
				CLANG_WARN_UNGUARDED_AVAILABILITY = YES_AGGRESSIVE;
				CLANG_WARN_UNREACHABLE_CODE = YES;
				CLANG_WARN__DUPLICATE_METHOD_MATCH = YES;
				COPY_PHASE_STRIP = NO;
				DEBUG_INFORMATION_FORMAT = dwarf;
				ENABLE_STRICT_OBJC_MSGSEND = YES;
				ENABLE_TESTABILITY = YES;
				GCC_C_LANGUAGE_STANDARD = gnu11;
				GCC_DYNAMIC_NO_PIC = NO;
				GCC_NO_COMMON_BLOCKS = YES;
				GCC_OPTIMIZATION_LEVEL = 0;
				GCC_PREPROCESSOR_DEFINITIONS = (
					"DEBUG=1",
					"$(inherited)",
				);
				GCC_WARN_64_TO_32_BIT_CONVERSION = YES;
				GCC_WARN_ABOUT_RETURN_TYPE = YES_ERROR;
				GCC_WARN_UNDECLARED_SELECTOR = YES;
				GCC_WARN_UNINITIALIZED_AUTOS = YES_AGGRESSIVE;
				GCC_WARN_UNUSED_FUNCTION = YES;
				GCC_WARN_UNUSED_VARIABLE = YES;
				IPHONEOS_DEPLOYMENT_TARGET = 13.4;
				MTL_ENABLE_DEBUG_INFO = INCLUDE_SOURCE;
				MTL_FAST_MATH = YES;
				ONLY_ACTIVE_ARCH = YES;
				SDKROOT = iphoneos;
				SWIFT_ACTIVE_COMPILATION_CONDITIONS = DEBUG;
				SWIFT_OPTIMIZATION_LEVEL = "-Onone";
			};
			name = Debug;
		};
		25FA915A246EC19300647945 /* Release */ = {
			isa = XCBuildConfiguration;
			buildSettings = {
				ALWAYS_SEARCH_USER_PATHS = NO;
				CLANG_ANALYZER_NONNULL = YES;
				CLANG_ANALYZER_NUMBER_OBJECT_CONVERSION = YES_AGGRESSIVE;
				CLANG_CXX_LANGUAGE_STANDARD = "gnu++14";
				CLANG_CXX_LIBRARY = "libc++";
				CLANG_ENABLE_MODULES = YES;
				CLANG_ENABLE_OBJC_ARC = YES;
				CLANG_ENABLE_OBJC_WEAK = YES;
				CLANG_WARN_BLOCK_CAPTURE_AUTORELEASING = YES;
				CLANG_WARN_BOOL_CONVERSION = YES;
				CLANG_WARN_COMMA = YES;
				CLANG_WARN_CONSTANT_CONVERSION = YES;
				CLANG_WARN_DEPRECATED_OBJC_IMPLEMENTATIONS = YES;
				CLANG_WARN_DIRECT_OBJC_ISA_USAGE = YES_ERROR;
				CLANG_WARN_DOCUMENTATION_COMMENTS = YES;
				CLANG_WARN_EMPTY_BODY = YES;
				CLANG_WARN_ENUM_CONVERSION = YES;
				CLANG_WARN_INFINITE_RECURSION = YES;
				CLANG_WARN_INT_CONVERSION = YES;
				CLANG_WARN_NON_LITERAL_NULL_CONVERSION = YES;
				CLANG_WARN_OBJC_IMPLICIT_RETAIN_SELF = YES;
				CLANG_WARN_OBJC_LITERAL_CONVERSION = YES;
				CLANG_WARN_OBJC_ROOT_CLASS = YES_ERROR;
				CLANG_WARN_RANGE_LOOP_ANALYSIS = YES;
				CLANG_WARN_STRICT_PROTOTYPES = YES;
				CLANG_WARN_SUSPICIOUS_MOVE = YES;
				CLANG_WARN_UNGUARDED_AVAILABILITY = YES_AGGRESSIVE;
				CLANG_WARN_UNREACHABLE_CODE = YES;
				CLANG_WARN__DUPLICATE_METHOD_MATCH = YES;
				COPY_PHASE_STRIP = NO;
				DEBUG_INFORMATION_FORMAT = "dwarf-with-dsym";
				ENABLE_NS_ASSERTIONS = NO;
				ENABLE_STRICT_OBJC_MSGSEND = YES;
				GCC_C_LANGUAGE_STANDARD = gnu11;
				GCC_NO_COMMON_BLOCKS = YES;
				GCC_WARN_64_TO_32_BIT_CONVERSION = YES;
				GCC_WARN_ABOUT_RETURN_TYPE = YES_ERROR;
				GCC_WARN_UNDECLARED_SELECTOR = YES;
				GCC_WARN_UNINITIALIZED_AUTOS = YES_AGGRESSIVE;
				GCC_WARN_UNUSED_FUNCTION = YES;
				GCC_WARN_UNUSED_VARIABLE = YES;
				IPHONEOS_DEPLOYMENT_TARGET = 13.4;
				MTL_ENABLE_DEBUG_INFO = NO;
				MTL_FAST_MATH = YES;
				SDKROOT = iphoneos;
				SWIFT_COMPILATION_MODE = wholemodule;
				SWIFT_OPTIMIZATION_LEVEL = "-O";
				VALIDATE_PRODUCT = YES;
			};
			name = Release;
		};
		25FA915C246EC19300647945 /* Debug */ = {
			isa = XCBuildConfiguration;
			baseConfigurationReference = BCDFB45AA19FD50C51622F80 /* Pods-RxDemo.debug.xcconfig */;
			buildSettings = {
				ASSETCATALOG_COMPILER_APPICON_NAME = AppIcon;
				CODE_SIGN_STYLE = Automatic;
				DEVELOPMENT_TEAM = ME92NL5RP7;
				INFOPLIST_FILE = RxDemo/Info.plist;
				IPHONEOS_DEPLOYMENT_TARGET = 11.4;
				LD_RUNPATH_SEARCH_PATHS = (
					"$(inherited)",
					"@executable_path/Frameworks",
				);
				PRODUCT_BUNDLE_IDENTIFIER = bee2c.com.RxDemo;
				PRODUCT_NAME = "$(TARGET_NAME)";
				SWIFT_VERSION = 5.0;
				TARGETED_DEVICE_FAMILY = "1,2";
			};
			name = Debug;
		};
		25FA915D246EC19300647945 /* Release */ = {
			isa = XCBuildConfiguration;
			baseConfigurationReference = 0E4575F7FC7274B1D2ABAEB1 /* Pods-RxDemo.release.xcconfig */;
			buildSettings = {
				ASSETCATALOG_COMPILER_APPICON_NAME = AppIcon;
				CODE_SIGN_STYLE = Automatic;
				DEVELOPMENT_TEAM = ME92NL5RP7;
				INFOPLIST_FILE = RxDemo/Info.plist;
				IPHONEOS_DEPLOYMENT_TARGET = 11.4;
				LD_RUNPATH_SEARCH_PATHS = (
					"$(inherited)",
					"@executable_path/Frameworks",
				);
				PRODUCT_BUNDLE_IDENTIFIER = bee2c.com.RxDemo;
				PRODUCT_NAME = "$(TARGET_NAME)";
				SWIFT_VERSION = 5.0;
				TARGETED_DEVICE_FAMILY = "1,2";
			};
			name = Release;
		};
		25FA915F246EC19300647945 /* Debug */ = {
			isa = XCBuildConfiguration;
			buildSettings = {
				ALWAYS_EMBED_SWIFT_STANDARD_LIBRARIES = YES;
				BUNDLE_LOADER = "$(TEST_HOST)";
				CODE_SIGN_STYLE = Automatic;
				DEVELOPMENT_TEAM = ME92NL5RP7;
				INFOPLIST_FILE = RxDemoTests/Info.plist;
				IPHONEOS_DEPLOYMENT_TARGET = 13.4;
				LD_RUNPATH_SEARCH_PATHS = (
					"$(inherited)",
					"@executable_path/Frameworks",
					"@loader_path/Frameworks",
				);
				PRODUCT_BUNDLE_IDENTIFIER = bee2c.com.RxDemoTests;
				PRODUCT_NAME = "$(TARGET_NAME)";
				SWIFT_VERSION = 5.0;
				TARGETED_DEVICE_FAMILY = "1,2";
				TEST_HOST = "$(BUILT_PRODUCTS_DIR)/RxDemo.app/RxDemo";
			};
			name = Debug;
		};
		25FA9160246EC19300647945 /* Release */ = {
			isa = XCBuildConfiguration;
			buildSettings = {
				ALWAYS_EMBED_SWIFT_STANDARD_LIBRARIES = YES;
				BUNDLE_LOADER = "$(TEST_HOST)";
				CODE_SIGN_STYLE = Automatic;
				DEVELOPMENT_TEAM = ME92NL5RP7;
				INFOPLIST_FILE = RxDemoTests/Info.plist;
				IPHONEOS_DEPLOYMENT_TARGET = 13.4;
				LD_RUNPATH_SEARCH_PATHS = (
					"$(inherited)",
					"@executable_path/Frameworks",
					"@loader_path/Frameworks",
				);
				PRODUCT_BUNDLE_IDENTIFIER = bee2c.com.RxDemoTests;
				PRODUCT_NAME = "$(TARGET_NAME)";
				SWIFT_VERSION = 5.0;
				TARGETED_DEVICE_FAMILY = "1,2";
				TEST_HOST = "$(BUILT_PRODUCTS_DIR)/RxDemo.app/RxDemo";
			};
			name = Release;
		};
		25FA9162246EC19300647945 /* Debug */ = {
			isa = XCBuildConfiguration;
			buildSettings = {
				ALWAYS_EMBED_SWIFT_STANDARD_LIBRARIES = YES;
				CODE_SIGN_STYLE = Automatic;
				DEVELOPMENT_TEAM = ME92NL5RP7;
				INFOPLIST_FILE = RxDemoUITests/Info.plist;
				LD_RUNPATH_SEARCH_PATHS = (
					"$(inherited)",
					"@executable_path/Frameworks",
					"@loader_path/Frameworks",
				);
				PRODUCT_BUNDLE_IDENTIFIER = bee2c.com.RxDemoUITests;
				PRODUCT_NAME = "$(TARGET_NAME)";
				SWIFT_VERSION = 5.0;
				TARGETED_DEVICE_FAMILY = "1,2";
				TEST_TARGET_NAME = RxDemo;
			};
			name = Debug;
		};
		25FA9163246EC19300647945 /* Release */ = {
			isa = XCBuildConfiguration;
			buildSettings = {
				ALWAYS_EMBED_SWIFT_STANDARD_LIBRARIES = YES;
				CODE_SIGN_STYLE = Automatic;
				DEVELOPMENT_TEAM = ME92NL5RP7;
				INFOPLIST_FILE = RxDemoUITests/Info.plist;
				LD_RUNPATH_SEARCH_PATHS = (
					"$(inherited)",
					"@executable_path/Frameworks",
					"@loader_path/Frameworks",
				);
				PRODUCT_BUNDLE_IDENTIFIER = bee2c.com.RxDemoUITests;
				PRODUCT_NAME = "$(TARGET_NAME)";
				SWIFT_VERSION = 5.0;
				TARGETED_DEVICE_FAMILY = "1,2";
				TEST_TARGET_NAME = RxDemo;
			};
			name = Release;
		};
/* End XCBuildConfiguration section */

/* Begin XCConfigurationList section */
		25FA912C246EC18C00647945 /* Build configuration list for PBXProject "RxDemo" */ = {
			isa = XCConfigurationList;
			buildConfigurations = (
				25FA9159246EC19300647945 /* Debug */,
				25FA915A246EC19300647945 /* Release */,
			);
			defaultConfigurationIsVisible = 0;
			defaultConfigurationName = Release;
		};
		25FA915B246EC19300647945 /* Build configuration list for PBXNativeTarget "RxDemo" */ = {
			isa = XCConfigurationList;
			buildConfigurations = (
				25FA915C246EC19300647945 /* Debug */,
				25FA915D246EC19300647945 /* Release */,
			);
			defaultConfigurationIsVisible = 0;
			defaultConfigurationName = Release;
		};
		25FA915E246EC19300647945 /* Build configuration list for PBXNativeTarget "RxDemoTests" */ = {
			isa = XCConfigurationList;
			buildConfigurations = (
				25FA915F246EC19300647945 /* Debug */,
				25FA9160246EC19300647945 /* Release */,
			);
			defaultConfigurationIsVisible = 0;
			defaultConfigurationName = Release;
		};
		25FA9161246EC19300647945 /* Build configuration list for PBXNativeTarget "RxDemoUITests" */ = {
			isa = XCConfigurationList;
			buildConfigurations = (
				25FA9162246EC19300647945 /* Debug */,
				25FA9163246EC19300647945 /* Release */,
			);
			defaultConfigurationIsVisible = 0;
			defaultConfigurationName = Release;
		};
/* End XCConfigurationList section */
	};
	rootObject = 25FA9129246EC18C00647945 /* Project object */;
}
